
Microsoft Visual Studio Solution File, Format Version 12.00
# Visual Studio Version 17
VisualStudioVersion = 17.9.34622.214
MinimumVisualStudioVersion = 10.0.40219.1
Project("{FAE04EC0-301F-11D3-BF4B-00C04F79EFBC}") = "ClassLibrary_Suslinikov", "ClassLibrary_Suslinikov\ClassLibrary_Suslinikov.csproj", "{E0AD4E08-1A78-4F76-BA01-2C49A575A433}"
EndProject
Global
	GlobalSection(SolutionConfigurationPlatforms) = preSolution
		Debug|Any CPU = Debug|Any CPU
		Release|Any CPU = Release|Any CPU
	EndGlobalSection
	GlobalSection(ProjectConfigurationPlatforms) = postSolution
		{E0AD4E08-1A78-4F76-BA01-2C49A575A433}.Debug|Any CPU.ActiveCfg = Debug|Any CPU
		{E0AD4E08-1A78-4F76-BA01-2C49A575A433}.Debug|Any CPU.Build.0 = Debug|Any CPU
		{E0AD4E08-1A78-4F76-BA01-2C49A575A433}.Release|Any CPU.ActiveCfg = Release|Any CPU
		{E0AD4E08-1A78-4F76-BA01-2C49A575A433}.Release|Any CPU.Build.0 = Release|Any CPU
	EndGlobalSection
	GlobalSection(SolutionProperties) = preSolution
		HideSolutionNode = FALSE
	EndGlobalSection
	GlobalSection(ExtensibilityGlobals) = postSolution
		SolutionGuid = {389ADF49-7C8C-4D13-8C68-EB3314C769DD}
	EndGlobalSection
EndGlobal
